// !$*UTF8*$!
{
	archiveVersion = 1;
	classes = {
	};
	objectVersion = 70;
	objects = {

/* Begin PBXBuildFile section */
		0604D35A2F18F15A005C4A8C /* ImagesListViewController.swift in Sources */ = {isa = PBXBuildFile; fileRef = 0604D3592F18F15A005C4A8C /* ImagesListViewController.swift */; };
		0625D3AB2F4FF72300FFACA6 /* AuthHelper.swift in Sources */ = {isa = PBXBuildFile; fileRef = 0625D3AA2F4FF72300FFACA6 /* AuthHelper.swift */; };
		0625D3AD2F4FF73500FFACA6 /* WebViewPresenter.swift in Sources */ = {isa = PBXBuildFile; fileRef = 0625D3AC2F4FF73500FFACA6 /* WebViewPresenter.swift */; };
		0625D3AF2F4FF7BD00FFACA6 /* ProfileViewPresenter.swift in Sources */ = {isa = PBXBuildFile; fileRef = 0625D3AE2F4FF7BD00FFACA6 /* ProfileViewPresenter.swift */; };
		0625D3B12F4FF7C400FFACA6 /* ImagesListPresenter.swift in Sources */ = {isa = PBXBuildFile; fileRef = 0625D3B02F4FF7C400FFACA6 /* ImagesListPresenter.swift */; };
		0625D3B32F4FF83D00FFACA6 /* AuthConfiguration.swift in Sources */ = {isa = PBXBuildFile; fileRef = 0625D3B22F4FF83D00FFACA6 /* AuthConfiguration.swift */; };
		0675B7B62F2B2908005195E9 /* ProfileImageService.swift in Sources */ = {isa = PBXBuildFile; fileRef = 0675B7B52F2B2908005195E9 /* ProfileImageService.swift */; };
		0675B7B82F2B29CA005195E9 /* UserResult.swift in Sources */ = {isa = PBXBuildFile; fileRef = 0675B7B72F2B29CA005195E9 /* UserResult.swift */; };
		067F1C0D2F2DF34D00882CB9 /* VCProvider.swift in Sources */ = {isa = PBXBuildFile; fileRef = 067F1C0C2F2DF34D00882CB9 /* VCProvider.swift */; };
		0683506E2F19F90200DF7E6D /* ImageCell.swift in Sources */ = {isa = PBXBuildFile; fileRef = 0683506D2F19F90200DF7E6D /* ImageCell.swift */; };
		068350702F19F98C00DF7E6D /* ImageViewCell.swift in Sources */ = {isa = PBXBuildFile; fileRef = 0683506F2F19F98C00DF7E6D /* ImageViewCell.swift */; };
		068350732F1A051A00DF7E6D /* ImagesViewMock.swift in Sources */ = {isa = PBXBuildFile; fileRef = 068350722F1A051A00DF7E6D /* ImagesViewMock.swift */; };
		068350812F1A217800DF7E6D /* UIColor+Extensions.swift in Sources */ = {isa = PBXBuildFile; fileRef = 068350802F1A217800DF7E6D /* UIColor+Extensions.swift */; };
		068587B52F3C3FA2003A7223 /* ProfileLogoutService.swift in Sources */ = {isa = PBXBuildFile; fileRef = 068587B42F3C3FA2003A7223 /* ProfileLogoutService.swift */; };
		068715AD2F2CA5E600D9928C /* Kingfisher in Frameworks */ = {isa = PBXBuildFile; productRef = 068715AC2F2CA5E600D9928C /* Kingfisher */; };
		068715B02F2CDEE800D9928C /* SwiftKeychainWrapper in Frameworks */ = {isa = PBXBuildFile; productRef = 068715AF2F2CDEE800D9928C /* SwiftKeychainWrapper */; };
		068844142F1F4AAF009E08CC /* SingleImageViewController.swift in Sources */ = {isa = PBXBuildFile; fileRef = 068844132F1F4AAF009E08CC /* SingleImageViewController.swift */; };
		068986142F287D9A00E1BDA3 /* HTTPMethod.swift in Sources */ = {isa = PBXBuildFile; fileRef = 068986132F287D9A00E1BDA3 /* HTTPMethod.swift */; };
		068986172F28B66000E1BDA3 /* ProgressHUD in Frameworks */ = {isa = PBXBuildFile; productRef = 068986162F28B66000E1BDA3 /* ProgressHUD */; };
		0689861A2F28B8E500E1BDA3 /* ProgressHUD in Frameworks */ = {isa = PBXBuildFile; productRef = 068986192F28B8E500E1BDA3 /* ProgressHUD */; };
		0689861C2F28D0A400E1BDA3 /* UIBlockingProgressHUD.swift in Sources */ = {isa = PBXBuildFile; fileRef = 0689861B2F28D0A400E1BDA3 /* UIBlockingProgressHUD.swift */; };
		0689861F2F28F67C00E1BDA3 /* ProfileService.swift in Sources */ = {isa = PBXBuildFile; fileRef = 0689861E2F28F67C00E1BDA3 /* ProfileService.swift */; };
		068986212F28F6AB00E1BDA3 /* ProfileResult.swift in Sources */ = {isa = PBXBuildFile; fileRef = 068986202F28F6AB00E1BDA3 /* ProfileResult.swift */; };
		068986252F2907F700E1BDA3 /* Data+PrettyJSON.swift in Sources */ = {isa = PBXBuildFile; fileRef = 068986242F2907F700E1BDA3 /* Data+PrettyJSON.swift */; };
		068B49682F3071B800C7A46D /* ImagesListService.swift in Sources */ = {isa = PBXBuildFile; fileRef = 068B49672F3071B800C7A46D /* ImagesListService.swift */; };
		068B496C2F3081D200C7A46D /* PhotoResult.swift in Sources */ = {isa = PBXBuildFile; fileRef = 068B496B2F3081D200C7A46D /* PhotoResult.swift */; };
		068C03972F24C36700F79483 /* OAuth2Service.swift in Sources */ = {isa = PBXBuildFile; fileRef = 068C03962F24C36700F79483 /* OAuth2Service.swift */; };
		068C03A82F24D52E00F79483 /* OAuthTokenResponseBody.swift in Sources */ = {isa = PBXBuildFile; fileRef = 068C03A72F24D52E00F79483 /* OAuthTokenResponseBody.swift */; };
		068C03AD2F24DBF900F79483 /* OAuth2TokenStorage.swift in Sources */ = {isa = PBXBuildFile; fileRef = 068C03AC2F24DBF900F79483 /* OAuth2TokenStorage.swift */; };
		068C03AF2F24E1F600F79483 /* NetworkClient.swift in Sources */ = {isa = PBXBuildFile; fileRef = 068C03AE2F24E1F600F79483 /* NetworkClient.swift */; };
		0694B3BF2F1E7066000EF4F0 /* ProfileViewController.swift in Sources */ = {isa = PBXBuildFile; fileRef = 0694B3BE2F1E7066000EF4F0 /* ProfileViewController.swift */; };
		0694B3C12F1E709E000EF4F0 /* MainTabBarController.swift in Sources */ = {isa = PBXBuildFile; fileRef = 0694B3C02F1E709E000EF4F0 /* MainTabBarController.swift */; };
		0694B3C32F1E70D2000EF4F0 /* CustomTabBar.swift in Sources */ = {isa = PBXBuildFile; fileRef = 0694B3C22F1E70D2000EF4F0 /* CustomTabBar.swift */; };
		069DBFA22F236E0400C2057C /* WebViewViewController.swift in Sources */ = {isa = PBXBuildFile; fileRef = 069DBFA12F236E0400C2057C /* WebViewViewController.swift */; };
		069DBFA62F236F9700C2057C /* AuthViewController.swift in Sources */ = {isa = PBXBuildFile; fileRef = 069DBFA52F236F9700C2057C /* AuthViewController.swift */; };
		06A0A1382F27326E00EC1988 /* SplashViewController.swift in Sources */ = {isa = PBXBuildFile; fileRef = 06A0A1372F27326E00EC1988 /* SplashViewController.swift */; };
		06A4D0DB2F2A4C2800BD71AC /* Profile.swift in Sources */ = {isa = PBXBuildFile; fileRef = 06A4D0DA2F2A4C2800BD71AC /* Profile.swift */; };
		06A4D0DE2F2A6A2000BD71AC /* ProgressHUD in Frameworks */ = {isa = PBXBuildFile; productRef = 06A4D0DD2F2A6A2000BD71AC /* ProgressHUD */; };
		06BBAC662F46077F007E4626 /* Photo.swift in Sources */ = {isa = PBXBuildFile; fileRef = 06BBAC652F46077F007E4626 /* Photo.swift */; };
		7D9CFA4328DDEE7F00D971A7 /* AppDelegate.swift in Sources */ = {isa = PBXBuildFile; fileRef = 7D9CFA4228DDEE7F00D971A7 /* AppDelegate.swift */; };
		7D9CFA4528DDEE7F00D971A7 /* SceneDelegate.swift in Sources */ = {isa = PBXBuildFile; fileRef = 7D9CFA4428DDEE7F00D971A7 /* SceneDelegate.swift */; };
		7D9CFA4A28DDEE7F00D971A7 /* Main.storyboard in Resources */ = {isa = PBXBuildFile; fileRef = 7D9CFA4828DDEE7F00D971A7 /* Main.storyboard */; };
		7D9CFA4C28DDEE8000D971A7 /* Assets.xcassets in Resources */ = {isa = PBXBuildFile; fileRef = 7D9CFA4B28DDEE8000D971A7 /* Assets.xcassets */; };
		7D9CFA4F28DDEE8000D971A7 /* LaunchScreen.storyboard in Resources */ = {isa = PBXBuildFile; fileRef = 7D9CFA4D28DDEE8000D971A7 /* LaunchScreen.storyboard */; };
/* End PBXBuildFile section */

/* Begin PBXContainerItemProxy section */
		0625D3BE2F4FF96900FFACA6 /* PBXContainerItemProxy */ = {
			isa = PBXContainerItemProxy;
			containerPortal = 7D9CFA3728DDEE7F00D971A7 /* Project object */;
			proxyType = 1;
			remoteGlobalIDString = 7D9CFA3E28DDEE7F00D971A7;
			remoteInfo = "Image Feed";
		};
		0625D3CD2F4FFAAF00FFACA6 /* PBXContainerItemProxy */ = {
			isa = PBXContainerItemProxy;
			containerPortal = 7D9CFA3728DDEE7F00D971A7 /* Project object */;
			proxyType = 1;
			remoteGlobalIDString = 7D9CFA3E28DDEE7F00D971A7;
			remoteInfo = "Image Feed";
		};
		06B2FAB72F52F8E700B39950 /* PBXContainerItemProxy */ = {
			isa = PBXContainerItemProxy;
			containerPortal = 7D9CFA3728DDEE7F00D971A7 /* Project object */;
			proxyType = 1;
			remoteGlobalIDString = 7D9CFA3E28DDEE7F00D971A7;
			remoteInfo = "Image Feed";
		};
/* End PBXContainerItemProxy section */

/* Begin PBXFileReference section */
		0604D3592F18F15A005C4A8C /* ImagesListViewController.swift */ = {isa = PBXFileReference; lastKnownFileType = sourcecode.swift; path = ImagesListViewController.swift; sourceTree = "<group>"; };
		0625D3AA2F4FF72300FFACA6 /* AuthHelper.swift */ = {isa = PBXFileReference; lastKnownFileType = sourcecode.swift; path = AuthHelper.swift; sourceTree = "<group>"; };
		0625D3AC2F4FF73500FFACA6 /* WebViewPresenter.swift */ = {isa = PBXFileReference; lastKnownFileType = sourcecode.swift; path = WebViewPresenter.swift; sourceTree = "<group>"; };
		0625D3AE2F4FF7BD00FFACA6 /* ProfileViewPresenter.swift */ = {isa = PBXFileReference; lastKnownFileType = sourcecode.swift; path = ProfileViewPresenter.swift; sourceTree = "<group>"; };
		0625D3B02F4FF7C400FFACA6 /* ImagesListPresenter.swift */ = {isa = PBXFileReference; lastKnownFileType = sourcecode.swift; path = ImagesListPresenter.swift; sourceTree = "<group>"; };
		0625D3B22F4FF83D00FFACA6 /* AuthConfiguration.swift */ = {isa = PBXFileReference; lastKnownFileType = sourcecode.swift; path = AuthConfiguration.swift; sourceTree = "<group>"; };
		0625D3BA2F4FF96900FFACA6 /* Image FeedTests.xctest */ = {isa = PBXFileReference; explicitFileType = wrapper.cfbundle; includeInIndex = 0; path = "Image FeedTests.xctest"; sourceTree = BUILT_PRODUCTS_DIR; };
		0625D3C72F4FFAAF00FFACA6 /* Image FeedUITests.xctest */ = {isa = PBXFileReference; explicitFileType = wrapper.cfbundle; includeInIndex = 0; path = "Image FeedUITests.xctest"; sourceTree = BUILT_PRODUCTS_DIR; };
		0675B7B52F2B2908005195E9 /* ProfileImageService.swift */ = {isa = PBXFileReference; lastKnownFileType = sourcecode.swift; path = ProfileImageService.swift; sourceTree = "<group>"; };
		0675B7B72F2B29CA005195E9 /* UserResult.swift */ = {isa = PBXFileReference; lastKnownFileType = sourcecode.swift; path = UserResult.swift; sourceTree = "<group>"; };
		067F1C0C2F2DF34D00882CB9 /* VCProvider.swift */ = {isa = PBXFileReference; lastKnownFileType = sourcecode.swift; path = VCProvider.swift; sourceTree = "<group>"; };
		0683506D2F19F90200DF7E6D /* ImageCell.swift */ = {isa = PBXFileReference; lastKnownFileType = sourcecode.swift; path = ImageCell.swift; sourceTree = "<group>"; };
		0683506F2F19F98C00DF7E6D /* ImageViewCell.swift */ = {isa = PBXFileReference; lastKnownFileType = sourcecode.swift; path = ImageViewCell.swift; sourceTree = "<group>"; };
		068350722F1A051A00DF7E6D /* ImagesViewMock.swift */ = {isa = PBXFileReference; lastKnownFileType = sourcecode.swift; path = ImagesViewMock.swift; sourceTree = "<group>"; };
		068350802F1A217800DF7E6D /* UIColor+Extensions.swift */ = {isa = PBXFileReference; lastKnownFileType = sourcecode.swift; path = "UIColor+Extensions.swift"; sourceTree = "<group>"; };
		068587B42F3C3FA2003A7223 /* ProfileLogoutService.swift */ = {isa = PBXFileReference; lastKnownFileType = sourcecode.swift; path = ProfileLogoutService.swift; sourceTree = "<group>"; };
		068813DB2F26084D005433F1 /* WebKit.framework */ = {isa = PBXFileReference; lastKnownFileType = wrapper.framework; name = WebKit.framework; path = System/Library/Frameworks/WebKit.framework; sourceTree = SDKROOT; };
		068844132F1F4AAF009E08CC /* SingleImageViewController.swift */ = {isa = PBXFileReference; lastKnownFileType = sourcecode.swift; path = SingleImageViewController.swift; sourceTree = "<group>"; };
		068986132F287D9A00E1BDA3 /* HTTPMethod.swift */ = {isa = PBXFileReference; lastKnownFileType = sourcecode.swift; path = HTTPMethod.swift; sourceTree = "<group>"; };
		0689861B2F28D0A400E1BDA3 /* UIBlockingProgressHUD.swift */ = {isa = PBXFileReference; lastKnownFileType = sourcecode.swift; path = UIBlockingProgressHUD.swift; sourceTree = "<group>"; };
		0689861E2F28F67C00E1BDA3 /* ProfileService.swift */ = {isa = PBXFileReference; lastKnownFileType = sourcecode.swift; path = ProfileService.swift; sourceTree = "<group>"; };
		068986202F28F6AB00E1BDA3 /* ProfileResult.swift */ = {isa = PBXFileReference; lastKnownFileType = sourcecode.swift; path = ProfileResult.swift; sourceTree = "<group>"; };
		068986242F2907F700E1BDA3 /* Data+PrettyJSON.swift */ = {isa = PBXFileReference; lastKnownFileType = sourcecode.swift; path = "Data+PrettyJSON.swift"; sourceTree = "<group>"; };
		068B49672F3071B800C7A46D /* ImagesListService.swift */ = {isa = PBXFileReference; lastKnownFileType = sourcecode.swift; path = ImagesListService.swift; sourceTree = "<group>"; };
		068B496B2F3081D200C7A46D /* PhotoResult.swift */ = {isa = PBXFileReference; lastKnownFileType = sourcecode.swift; path = PhotoResult.swift; sourceTree = "<group>"; };
		068C03962F24C36700F79483 /* OAuth2Service.swift */ = {isa = PBXFileReference; lastKnownFileType = sourcecode.swift; path = OAuth2Service.swift; sourceTree = "<group>"; };
		068C03A72F24D52E00F79483 /* OAuthTokenResponseBody.swift */ = {isa = PBXFileReference; lastKnownFileType = sourcecode.swift; path = OAuthTokenResponseBody.swift; sourceTree = "<group>"; };
		068C03AC2F24DBF900F79483 /* OAuth2TokenStorage.swift */ = {isa = PBXFileReference; lastKnownFileType = sourcecode.swift; path = OAuth2TokenStorage.swift; sourceTree = "<group>"; };
		068C03AE2F24E1F600F79483 /* NetworkClient.swift */ = {isa = PBXFileReference; lastKnownFileType = sourcecode.swift; path = NetworkClient.swift; sourceTree = "<group>"; };
		0694B3BE2F1E7066000EF4F0 /* ProfileViewController.swift */ = {isa = PBXFileReference; lastKnownFileType = sourcecode.swift; path = ProfileViewController.swift; sourceTree = "<group>"; };
		0694B3C02F1E709E000EF4F0 /* MainTabBarController.swift */ = {isa = PBXFileReference; lastKnownFileType = sourcecode.swift; path = MainTabBarController.swift; sourceTree = "<group>"; };
		0694B3C22F1E70D2000EF4F0 /* CustomTabBar.swift */ = {isa = PBXFileReference; lastKnownFileType = sourcecode.swift; path = CustomTabBar.swift; sourceTree = "<group>"; };
		069DBFA12F236E0400C2057C /* WebViewViewController.swift */ = {isa = PBXFileReference; lastKnownFileType = sourcecode.swift; path = WebViewViewController.swift; sourceTree = "<group>"; };
		069DBFA52F236F9700C2057C /* AuthViewController.swift */ = {isa = PBXFileReference; lastKnownFileType = sourcecode.swift; path = AuthViewController.swift; sourceTree = "<group>"; };
		06A0A1372F27326E00EC1988 /* SplashViewController.swift */ = {isa = PBXFileReference; lastKnownFileType = sourcecode.swift; path = SplashViewController.swift; sourceTree = "<group>"; };
		06A4D0DA2F2A4C2800BD71AC /* Profile.swift */ = {isa = PBXFileReference; lastKnownFileType = sourcecode.swift; path = Profile.swift; sourceTree = "<group>"; };
		06B2FAB32F52F8E700B39950 /* Image FeedTests-ListImage.xctest */ = {isa = PBXFileReference; explicitFileType = wrapper.cfbundle; includeInIndex = 0; path = "Image FeedTests-ListImage.xctest"; sourceTree = BUILT_PRODUCTS_DIR; };
		06BBAC652F46077F007E4626 /* Photo.swift */ = {isa = PBXFileReference; lastKnownFileType = sourcecode.swift; path = Photo.swift; sourceTree = "<group>"; };
		7D9CFA3F28DDEE7F00D971A7 /* Image Feed.app */ = {isa = PBXFileReference; explicitFileType = wrapper.application; includeInIndex = 0; path = "Image Feed.app"; sourceTree = BUILT_PRODUCTS_DIR; };
		7D9CFA4228DDEE7F00D971A7 /* AppDelegate.swift */ = {isa = PBXFileReference; lastKnownFileType = sourcecode.swift; path = AppDelegate.swift; sourceTree = "<group>"; };
		7D9CFA4428DDEE7F00D971A7 /* SceneDelegate.swift */ = {isa = PBXFileReference; lastKnownFileType = sourcecode.swift; path = SceneDelegate.swift; sourceTree = "<group>"; };
		7D9CFA4928DDEE7F00D971A7 /* Base */ = {isa = PBXFileReference; lastKnownFileType = file.storyboard; name = Base; path = Base.lproj/Main.storyboard; sourceTree = "<group>"; };
		7D9CFA4B28DDEE8000D971A7 /* Assets.xcassets */ = {isa = PBXFileReference; lastKnownFileType = folder.assetcatalog; path = Assets.xcassets; sourceTree = "<group>"; };
		7D9CFA4E28DDEE8000D971A7 /* Base */ = {isa = PBXFileReference; lastKnownFileType = file.storyboard; name = Base; path = Base.lproj/LaunchScreen.storyboard; sourceTree = "<group>"; };
		7D9CFA5028DDEE8000D971A7 /* Info.plist */ = {isa = PBXFileReference; lastKnownFileType = text.plist.xml; path = Info.plist; sourceTree = "<group>"; };
/* End PBXFileReference section */

/* Begin PBXFileSystemSynchronizedRootGroup section */
		0625D3BB2F4FF96900FFACA6 /* Image FeedTests */ = {isa = PBXFileSystemSynchronizedRootGroup; explicitFileTypes = {}; explicitFolders = (); path = "Image FeedTests"; sourceTree = "<group>"; };
		0625D3C82F4FFAAF00FFACA6 /* Image FeedUITests */ = {isa = PBXFileSystemSynchronizedRootGroup; explicitFileTypes = {}; explicitFolders = (); path = "Image FeedUITests"; sourceTree = "<group>"; };
		06B2FAB42F52F8E700B39950 /* Image FeedTests-ListImage */ = {isa = PBXFileSystemSynchronizedRootGroup; explicitFileTypes = {}; explicitFolders = (); path = "Image FeedTests-ListImage"; sourceTree = "<group>"; };
/* End PBXFileSystemSynchronizedRootGroup section */

/* Begin PBXFrameworksBuildPhase section */
		0625D3B72F4FF96900FFACA6 /* Frameworks */ = {
			isa = PBXFrameworksBuildPhase;
			buildActionMask = 2147483647;
			files = (
			);
			runOnlyForDeploymentPostprocessing = 0;
		};
		0625D3C42F4FFAAF00FFACA6 /* Frameworks */ = {
			isa = PBXFrameworksBuildPhase;
			buildActionMask = 2147483647;
			files = (
			);
			runOnlyForDeploymentPostprocessing = 0;
		};
		06B2FAB02F52F8E700B39950 /* Frameworks */ = {
			isa = PBXFrameworksBuildPhase;
			buildActionMask = 2147483647;
			files = (
			);
			runOnlyForDeploymentPostprocessing = 0;
		};
		7D9CFA3C28DDEE7F00D971A7 /* Frameworks */ = {
			isa = PBXFrameworksBuildPhase;
			buildActionMask = 2147483647;
			files = (
				068715AD2F2CA5E600D9928C /* Kingfisher in Frameworks */,
				06A4D0DE2F2A6A2000BD71AC /* ProgressHUD in Frameworks */,
				068715B02F2CDEE800D9928C /* SwiftKeychainWrapper in Frameworks */,
				068986172F28B66000E1BDA3 /* ProgressHUD in Frameworks */,
				0689861A2F28B8E500E1BDA3 /* ProgressHUD in Frameworks */,
			);
			runOnlyForDeploymentPostprocessing = 0;
		};
/* End PBXFrameworksBuildPhase section */

/* Begin PBXGroup section */
		06020D3C2F1B5E6500AE73BA /* ImagesListCell */ = {
			isa = PBXGroup;
			children = (
				0683506D2F19F90200DF7E6D /* ImageCell.swift */,
				0625D3B02F4FF7C400FFACA6 /* ImagesListPresenter.swift */,
				0604D3592F18F15A005C4A8C /* ImagesListViewController.swift */,
			);
			path = ImagesListCell;
			sourceTree = "<group>";
		};
		068350712F19FF8F00DF7E6D /* MockData */ = {
			isa = PBXGroup;
			children = (
				068350722F1A051A00DF7E6D /* ImagesViewMock.swift */,
			);
			path = MockData;
			sourceTree = "<group>";
		};
		0683507F2F1A216B00DF7E6D /* Helpers */ = {
			isa = PBXGroup;
			children = (
				0625D3B22F4FF83D00FFACA6 /* AuthConfiguration.swift */,
				067F1C0C2F2DF34D00882CB9 /* VCProvider.swift */,
				0689861B2F28D0A400E1BDA3 /* UIBlockingProgressHUD.swift */,
				068986132F287D9A00E1BDA3 /* HTTPMethod.swift */,
				068350802F1A217800DF7E6D /* UIColor+Extensions.swift */,
				068986242F2907F700E1BDA3 /* Data+PrettyJSON.swift */,
			);
			path = Helpers;
			sourceTree = "<group>";
		};
		068813DA2F26084D005433F1 /* Frameworks */ = {
			isa = PBXGroup;
			children = (
				068813DB2F26084D005433F1 /* WebKit.framework */,
			);
			name = Frameworks;
			sourceTree = "<group>";
		};
		0689861D2F28F66100E1BDA3 /* NetworkLayer */ = {
			isa = PBXGroup;
			children = (
				068B49672F3071B800C7A46D /* ImagesListService.swift */,
				068C03AE2F24E1F600F79483 /* NetworkClient.swift */,
				068C03AC2F24DBF900F79483 /* OAuth2TokenStorage.swift */,
				0689861E2F28F67C00E1BDA3 /* ProfileService.swift */,
				0675B7B52F2B2908005195E9 /* ProfileImageService.swift */,
			);
			path = NetworkLayer;
			sourceTree = "<group>";
		};
		068C03AB2F24DBED00F79483 /* OAuth2 */ = {
			isa = PBXGroup;
			children = (
				068C03962F24C36700F79483 /* OAuth2Service.swift */,
			);
			path = OAuth2;
			sourceTree = "<group>";
		};
		068E123C2F1ABE51006531F8 /* Model */ = {
			isa = PBXGroup;
			children = (
				06BBAC652F46077F007E4626 /* Photo.swift */,
				068B496B2F3081D200C7A46D /* PhotoResult.swift */,
				06A4D0DA2F2A4C2800BD71AC /* Profile.swift */,
				068C03A72F24D52E00F79483 /* OAuthTokenResponseBody.swift */,
				0683506F2F19F98C00DF7E6D /* ImageViewCell.swift */,
				068986202F28F6AB00E1BDA3 /* ProfileResult.swift */,
				0675B7B72F2B29CA005195E9 /* UserResult.swift */,
			);
			path = Model;
			sourceTree = "<group>";
		};
		0694B3BD2F1E7057000EF4F0 /* Profiles */ = {
			isa = PBXGroup;
			children = (
				068587B42F3C3FA2003A7223 /* ProfileLogoutService.swift */,
				0694B3BE2F1E7066000EF4F0 /* ProfileViewController.swift */,
				0625D3AE2F4FF7BD00FFACA6 /* ProfileViewPresenter.swift */,
			);
			path = Profiles;
			sourceTree = "<group>";
		};
		069959722F21F4A600967226 /* SingleImage */ = {
			isa = PBXGroup;
			children = (
				068844132F1F4AAF009E08CC /* SingleImageViewController.swift */,
			);
			path = SingleImage;
			sourceTree = "<group>";
		};
		069DBFA02F236DE500C2057C /* Auth&Autentification */ = {
			isa = PBXGroup;
			children = (
				0625D3AC2F4FF73500FFACA6 /* WebViewPresenter.swift */,
				069DBFA12F236E0400C2057C /* WebViewViewController.swift */,
				069DBFA52F236F9700C2057C /* AuthViewController.swift */,
				0625D3AA2F4FF72300FFACA6 /* AuthHelper.swift */,
			);
			path = "Auth&Autentification";
			sourceTree = "<group>";
		};
		06A0A1342F272E1300EC1988 /* SplashViewController */ = {
			isa = PBXGroup;
			children = (
				06A0A1372F27326E00EC1988 /* SplashViewController.swift */,
			);
			path = SplashViewController;
			sourceTree = "<group>";
		};
		7D9CFA3628DDEE7F00D971A7 = {
			isa = PBXGroup;
			children = (
				7D9CFA4128DDEE7F00D971A7 /* Image Feed */,
				0625D3BB2F4FF96900FFACA6 /* Image FeedTests */,
				0625D3C82F4FFAAF00FFACA6 /* Image FeedUITests */,
				06B2FAB42F52F8E700B39950 /* Image FeedTests-ListImage */,
				068813DA2F26084D005433F1 /* Frameworks */,
				7D9CFA4028DDEE7F00D971A7 /* Products */,
			);
			sourceTree = "<group>";
		};
		7D9CFA4028DDEE7F00D971A7 /* Products */ = {
			isa = PBXGroup;
			children = (
				7D9CFA3F28DDEE7F00D971A7 /* Image Feed.app */,
				0625D3BA2F4FF96900FFACA6 /* Image FeedTests.xctest */,
				0625D3C72F4FFAAF00FFACA6 /* Image FeedUITests.xctest */,
				06B2FAB32F52F8E700B39950 /* Image FeedTests-ListImage.xctest */,
			);
			name = Products;
			sourceTree = "<group>";
		};
		7D9CFA4128DDEE7F00D971A7 /* Image Feed */ = {
			isa = PBXGroup;
			children = (
				0689861D2F28F66100E1BDA3 /* NetworkLayer */,
				06A0A1342F272E1300EC1988 /* SplashViewController */,
				068C03AB2F24DBED00F79483 /* OAuth2 */,
				069DBFA02F236DE500C2057C /* Auth&Autentification */,
				069959722F21F4A600967226 /* SingleImage */,
				0694B3BD2F1E7057000EF4F0 /* Profiles */,
				06020D3C2F1B5E6500AE73BA /* ImagesListCell */,
				068E123C2F1ABE51006531F8 /* Model */,
				0683507F2F1A216B00DF7E6D /* Helpers */,
				068350712F19FF8F00DF7E6D /* MockData */,
				7D9CFA4228DDEE7F00D971A7 /* AppDelegate.swift */,
				7D9CFA4428DDEE7F00D971A7 /* SceneDelegate.swift */,
				0694B3C02F1E709E000EF4F0 /* MainTabBarController.swift */,
				0694B3C22F1E70D2000EF4F0 /* CustomTabBar.swift */,
				7D9CFA4828DDEE7F00D971A7 /* Main.storyboard */,
				7D9CFA4B28DDEE8000D971A7 /* Assets.xcassets */,
				7D9CFA4D28DDEE8000D971A7 /* LaunchScreen.storyboard */,
				7D9CFA5028DDEE8000D971A7 /* Info.plist */,
			);
			path = "Image Feed";
			sourceTree = "<group>";
		};
/* End PBXGroup section */

/* Begin PBXNativeTarget section */
		0625D3B92F4FF96900FFACA6 /* Image FeedTests */ = {
			isa = PBXNativeTarget;
			buildConfigurationList = 0625D3C02F4FF96900FFACA6 /* Build configuration list for PBXNativeTarget "Image FeedTests" */;
			buildPhases = (
				0625D3B62F4FF96900FFACA6 /* Sources */,
				0625D3B72F4FF96900FFACA6 /* Frameworks */,
				0625D3B82F4FF96900FFACA6 /* Resources */,
			);
			buildRules = (
			);
			dependencies = (
				0625D3BF2F4FF96900FFACA6 /* PBXTargetDependency */,
			);
			fileSystemSynchronizedGroups = (
				0625D3BB2F4FF96900FFACA6 /* Image FeedTests */,
			);
			name = "Image FeedTests";
			packageProductDependencies = (
			);
			productName = "Image FeedTests";
			productReference = 0625D3BA2F4FF96900FFACA6 /* Image FeedTests.xctest */;
			productType = "com.apple.product-type.bundle.unit-test";
		};
		0625D3C62F4FFAAF00FFACA6 /* Image FeedUITests */ = {
			isa = PBXNativeTarget;
			buildConfigurationList = 0625D3CF2F4FFAAF00FFACA6 /* Build configuration list for PBXNativeTarget "Image FeedUITests" */;
			buildPhases = (
				0625D3C32F4FFAAF00FFACA6 /* Sources */,
				0625D3C42F4FFAAF00FFACA6 /* Frameworks */,
				0625D3C52F4FFAAF00FFACA6 /* Resources */,
			);
			buildRules = (
			);
			dependencies = (
				0625D3CE2F4FFAAF00FFACA6 /* PBXTargetDependency */,
			);
			fileSystemSynchronizedGroups = (
				0625D3C82F4FFAAF00FFACA6 /* Image FeedUITests */,
			);
			name = "Image FeedUITests";
			packageProductDependencies = (
			);
			productName = "Image FeedUITests";
			productReference = 0625D3C72F4FFAAF00FFACA6 /* Image FeedUITests.xctest */;
			productType = "com.apple.product-type.bundle.ui-testing";
		};
		06B2FAB22F52F8E700B39950 /* Image FeedTests-ListImage */ = {
			isa = PBXNativeTarget;
			buildConfigurationList = 06B2FAB92F52F8E700B39950 /* Build configuration list for PBXNativeTarget "Image FeedTests-ListImage" */;
			buildPhases = (
				06B2FAAF2F52F8E700B39950 /* Sources */,
				06B2FAB02F52F8E700B39950 /* Frameworks */,
				06B2FAB12F52F8E700B39950 /* Resources */,
			);
			buildRules = (
			);
			dependencies = (
				06B2FAB82F52F8E700B39950 /* PBXTargetDependency */,
			);
			fileSystemSynchronizedGroups = (
				06B2FAB42F52F8E700B39950 /* Image FeedTests-ListImage */,
			);
			name = "Image FeedTests-ListImage";
			packageProductDependencies = (
			);
			productName = "Image FeedTests-ListImage";
			productReference = 06B2FAB32F52F8E700B39950 /* Image FeedTests-ListImage.xctest */;
			productType = "com.apple.product-type.bundle.unit-test";
		};
		7D9CFA3E28DDEE7F00D971A7 /* Image Feed */ = {
			isa = PBXNativeTarget;
			buildConfigurationList = 7D9CFA5328DDEE8000D971A7 /* Build configuration list for PBXNativeTarget "Image Feed" */;
			buildPhases = (
				7D9CFA3B28DDEE7F00D971A7 /* Sources */,
				7D9CFA3C28DDEE7F00D971A7 /* Frameworks */,
				7D9CFA3D28DDEE7F00D971A7 /* Resources */,
			);
			buildRules = (
			);
			dependencies = (
			);
			name = "Image Feed";
			productName = "Image Feed";
			productReference = 7D9CFA3F28DDEE7F00D971A7 /* Image Feed.app */;
			productType = "com.apple.product-type.application";
		};
/* End PBXNativeTarget section */

/* Begin PBXProject section */
		7D9CFA3728DDEE7F00D971A7 /* Project object */ = {
			isa = PBXProject;
			attributes = {
				BuildIndependentTargetsInParallel = 1;
				LastSwiftUpdateCheck = 2620;
				LastUpgradeCheck = 2620;
				TargetAttributes = {
					0625D3B92F4FF96900FFACA6 = {
						CreatedOnToolsVersion = 26.2;
						TestTargetID = 7D9CFA3E28DDEE7F00D971A7;
					};
					0625D3C62F4FFAAF00FFACA6 = {
						CreatedOnToolsVersion = 26.2;
						TestTargetID = 7D9CFA3E28DDEE7F00D971A7;
					};
					06B2FAB22F52F8E700B39950 = {
						CreatedOnToolsVersion = 26.2;
						TestTargetID = 7D9CFA3E28DDEE7F00D971A7;
					};
					7D9CFA3E28DDEE7F00D971A7 = {
						CreatedOnToolsVersion = 13.4.1;
					};
				};
			};
			buildConfigurationList = 7D9CFA3A28DDEE7F00D971A7 /* Build configuration list for PBXProject "Image Feed" */;
			compatibilityVersion = "Xcode 13.0";
			developmentRegion = en;
			hasScannedForEncodings = 0;
			knownRegions = (
				en,
				Base,
			);
			mainGroup = 7D9CFA3628DDEE7F00D971A7;
			packageReferences = (
				06A4D0DC2F2A6A2000BD71AC /* XCRemoteSwiftPackageReference "ProgressHUD" */,
				068715AB2F2CA5E600D9928C /* XCRemoteSwiftPackageReference "Kingfisher" */,
				068715AE2F2CDEE800D9928C /* XCRemoteSwiftPackageReference "SwiftKeychainWrapper" */,
			);
			productRefGroup = 7D9CFA4028DDEE7F00D971A7 /* Products */;
			projectDirPath = "";
			projectRoot = "";
			targets = (
				7D9CFA3E28DDEE7F00D971A7 /* Image Feed */,
				0625D3B92F4FF96900FFACA6 /* Image FeedTests */,
				0625D3C62F4FFAAF00FFACA6 /* Image FeedUITests */,
				06B2FAB22F52F8E700B39950 /* Image FeedTests-ListImage */,
			);
		};
/* End PBXProject section */

/* Begin PBXResourcesBuildPhase section */
		0625D3B82F4FF96900FFACA6 /* Resources */ = {
			isa = PBXResourcesBuildPhase;
			buildActionMask = 2147483647;
			files = (
			);
			runOnlyForDeploymentPostprocessing = 0;
		};
		0625D3C52F4FFAAF00FFACA6 /* Resources */ = {
			isa = PBXResourcesBuildPhase;
			buildActionMask = 2147483647;
			files = (
			);
			runOnlyForDeploymentPostprocessing = 0;
		};
		06B2FAB12F52F8E700B39950 /* Resources */ = {
			isa = PBXResourcesBuildPhase;
			buildActionMask = 2147483647;
			files = (
			);
			runOnlyForDeploymentPostprocessing = 0;
		};
		7D9CFA3D28DDEE7F00D971A7 /* Resources */ = {
			isa = PBXResourcesBuildPhase;
			buildActionMask = 2147483647;
			files = (
				7D9CFA4F28DDEE8000D971A7 /* LaunchScreen.storyboard in Resources */,
				7D9CFA4C28DDEE8000D971A7 /* Assets.xcassets in Resources */,
				7D9CFA4A28DDEE7F00D971A7 /* Main.storyboard in Resources */,
			);
			runOnlyForDeploymentPostprocessing = 0;
		};
/* End PBXResourcesBuildPhase section */

/* Begin PBXSourcesBuildPhase section */
		0625D3B62F4FF96900FFACA6 /* Sources */ = {
			isa = PBXSourcesBuildPhase;
			buildActionMask = 2147483647;
			files = (
			);
			runOnlyForDeploymentPostprocessing = 0;
		};
		0625D3C32F4FFAAF00FFACA6 /* Sources */ = {
			isa = PBXSourcesBuildPhase;
			buildActionMask = 2147483647;
			files = (
			);
			runOnlyForDeploymentPostprocessing = 0;
		};
		06B2FAAF2F52F8E700B39950 /* Sources */ = {
			isa = PBXSourcesBuildPhase;
			buildActionMask = 2147483647;
			files = (
			);
			runOnlyForDeploymentPostprocessing = 0;
		};
		7D9CFA3B28DDEE7F00D971A7 /* Sources */ = {
			isa = PBXSourcesBuildPhase;
			buildActionMask = 2147483647;
			files = (
				06BBAC662F46077F007E4626 /* Photo.swift in Sources */,
				068844142F1F4AAF009E08CC /* SingleImageViewController.swift in Sources */,
				068C03AD2F24DBF900F79483 /* OAuth2TokenStorage.swift in Sources */,
				068587B52F3C3FA2003A7223 /* ProfileLogoutService.swift in Sources */,
				068350732F1A051A00DF7E6D /* ImagesViewMock.swift in Sources */,
				068C03AF2F24E1F600F79483 /* NetworkClient.swift in Sources */,
				068350702F19F98C00DF7E6D /* ImageViewCell.swift in Sources */,
				0694B3C12F1E709E000EF4F0 /* MainTabBarController.swift in Sources */,
				0625D3AD2F4FF73500FFACA6 /* WebViewPresenter.swift in Sources */,
				068350812F1A217800DF7E6D /* UIColor+Extensions.swift in Sources */,
				067F1C0D2F2DF34D00882CB9 /* VCProvider.swift in Sources */,
				7D9CFA4328DDEE7F00D971A7 /* AppDelegate.swift in Sources */,
				068986142F287D9A00E1BDA3 /* HTTPMethod.swift in Sources */,
				0604D35A2F18F15A005C4A8C /* ImagesListViewController.swift in Sources */,
				068C03972F24C36700F79483 /* OAuth2Service.swift in Sources */,
				0694B3C32F1E70D2000EF4F0 /* CustomTabBar.swift in Sources */,
				068986212F28F6AB00E1BDA3 /* ProfileResult.swift in Sources */,
				069DBFA22F236E0400C2057C /* WebViewViewController.swift in Sources */,
				068986252F2907F700E1BDA3 /* Data+PrettyJSON.swift in Sources */,
				068B49682F3071B800C7A46D /* ImagesListService.swift in Sources */,
				0625D3B32F4FF83D00FFACA6 /* AuthConfiguration.swift in Sources */,
				06A4D0DB2F2A4C2800BD71AC /* Profile.swift in Sources */,
				0675B7B82F2B29CA005195E9 /* UserResult.swift in Sources */,
				069DBFA62F236F9700C2057C /* AuthViewController.swift in Sources */,
				06A0A1382F27326E00EC1988 /* SplashViewController.swift in Sources */,
				0694B3BF2F1E7066000EF4F0 /* ProfileViewController.swift in Sources */,
				7D9CFA4528DDEE7F00D971A7 /* SceneDelegate.swift in Sources */,
				0683506E2F19F90200DF7E6D /* ImageCell.swift in Sources */,
				068C03A82F24D52E00F79483 /* OAuthTokenResponseBody.swift in Sources */,
				0689861C2F28D0A400E1BDA3 /* UIBlockingProgressHUD.swift in Sources */,
				0625D3AB2F4FF72300FFACA6 /* AuthHelper.swift in Sources */,
				0625D3AF2F4FF7BD00FFACA6 /* ProfileViewPresenter.swift in Sources */,
				0689861F2F28F67C00E1BDA3 /* ProfileService.swift in Sources */,
				0675B7B62F2B2908005195E9 /* ProfileImageService.swift in Sources */,
				0625D3B12F4FF7C400FFACA6 /* ImagesListPresenter.swift in Sources */,
				068B496C2F3081D200C7A46D /* PhotoResult.swift in Sources */,
			);
			runOnlyForDeploymentPostprocessing = 0;
		};
/* End PBXSourcesBuildPhase section */

/* Begin PBXTargetDependency section */
		0625D3BF2F4FF96900FFACA6 /* PBXTargetDependency */ = {
			isa = PBXTargetDependency;
			target = 7D9CFA3E28DDEE7F00D971A7 /* Image Feed */;
			targetProxy = 0625D3BE2F4FF96900FFACA6 /* PBXContainerItemProxy */;
		};
		0625D3CE2F4FFAAF00FFACA6 /* PBXTargetDependency */ = {
			isa = PBXTargetDependency;
			target = 7D9CFA3E28DDEE7F00D971A7 /* Image Feed */;
			targetProxy = 0625D3CD2F4FFAAF00FFACA6 /* PBXContainerItemProxy */;
		};
		06B2FAB82F52F8E700B39950 /* PBXTargetDependency */ = {
			isa = PBXTargetDependency;
			target = 7D9CFA3E28DDEE7F00D971A7 /* Image Feed */;
			targetProxy = 06B2FAB72F52F8E700B39950 /* PBXContainerItemProxy */;
		};
/* End PBXTargetDependency section */

/* Begin PBXVariantGroup section */
		7D9CFA4828DDEE7F00D971A7 /* Main.storyboard */ = {
			isa = PBXVariantGroup;
			children = (
				7D9CFA4928DDEE7F00D971A7 /* Base */,
			);
			name = Main.storyboard;
			sourceTree = "<group>";
		};
		7D9CFA4D28DDEE8000D971A7 /* LaunchScreen.storyboard */ = {
			isa = PBXVariantGroup;
			children = (
				7D9CFA4E28DDEE8000D971A7 /* Base */,
			);
			name = LaunchScreen.storyboard;
			sourceTree = "<group>";
		};
/* End PBXVariantGroup section */

/* Begin XCBuildConfiguration section */
		0625D3C12F4FF96900FFACA6 /* Debug */ = {
			isa = XCBuildConfiguration;
			buildSettings = {
				ASSETCATALOG_COMPILER_GENERATE_SWIFT_ASSET_SYMBOL_EXTENSIONS = YES;
				BUNDLE_LOADER = "$(TEST_HOST)";
				CLANG_CXX_LANGUAGE_STANDARD = "gnu++20";
				CODE_SIGN_STYLE = Automatic;
				CURRENT_PROJECT_VERSION = 1;
				DEVELOPMENT_TEAM = 95C35P9LHK;
				GCC_C_LANGUAGE_STANDARD = gnu17;
				GENERATE_INFOPLIST_FILE = YES;
				IPHONEOS_DEPLOYMENT_TARGET = 26.0;
				LOCALIZATION_PREFERS_STRING_CATALOGS = YES;
				MARKETING_VERSION = 1.0;
				PRODUCT_BUNDLE_IDENTIFIER = "ru.yandex.practicum.Image-FeedTests";
				PRODUCT_NAME = "$(TARGET_NAME)";
				STRING_CATALOG_GENERATE_SYMBOLS = NO;
				SWIFT_ACTIVE_COMPILATION_CONDITIONS = "DEBUG $(inherited)";
				SWIFT_APPROACHABLE_CONCURRENCY = YES;
				SWIFT_EMIT_LOC_STRINGS = NO;
				SWIFT_UPCOMING_FEATURE_MEMBER_IMPORT_VISIBILITY = YES;
				SWIFT_VERSION = 5.0;
				TARGETED_DEVICE_FAMILY = "1,2";
				TEST_HOST = "$(BUILT_PRODUCTS_DIR)/Image Feed.app/$(BUNDLE_EXECUTABLE_FOLDER_PATH)/Image Feed";
			};
			name = Debug;
		};
		0625D3C22F4FF96900FFACA6 /* Release */ = {
			isa = XCBuildConfiguration;
			buildSettings = {
				ASSETCATALOG_COMPILER_GENERATE_SWIFT_ASSET_SYMBOL_EXTENSIONS = YES;
				BUNDLE_LOADER = "$(TEST_HOST)";
				CLANG_CXX_LANGUAGE_STANDARD = "gnu++20";
				CODE_SIGN_STYLE = Automatic;
				CURRENT_PROJECT_VERSION = 1;
				DEVELOPMENT_TEAM = 95C35P9LHK;
				GCC_C_LANGUAGE_STANDARD = gnu17;
				GENERATE_INFOPLIST_FILE = YES;
				IPHONEOS_DEPLOYMENT_TARGET = 26.0;
				LOCALIZATION_PREFERS_STRING_CATALOGS = YES;
				MARKETING_VERSION = 1.0;
				PRODUCT_BUNDLE_IDENTIFIER = "ru.yandex.practicum.Image-FeedTests";
				PRODUCT_NAME = "$(TARGET_NAME)";
				STRING_CATALOG_GENERATE_SYMBOLS = NO;
				SWIFT_APPROACHABLE_CONCURRENCY = YES;
				SWIFT_EMIT_LOC_STRINGS = NO;
				SWIFT_UPCOMING_FEATURE_MEMBER_IMPORT_VISIBILITY = YES;
				SWIFT_VERSION = 5.0;
				TARGETED_DEVICE_FAMILY = "1,2";
				TEST_HOST = "$(BUILT_PRODUCTS_DIR)/Image Feed.app/$(BUNDLE_EXECUTABLE_FOLDER_PATH)/Image Feed";
			};
			name = Release;
		};
		0625D3D02F4FFAAF00FFACA6 /* Debug */ = {
			isa = XCBuildConfiguration;
			buildSettings = {
				ASSETCATALOG_COMPILER_GENERATE_SWIFT_ASSET_SYMBOL_EXTENSIONS = YES;
				CLANG_CXX_LANGUAGE_STANDARD = "gnu++20";
				CODE_SIGN_STYLE = Automatic;
				CURRENT_PROJECT_VERSION = 1;
				DEVELOPMENT_TEAM = 95C35P9LHK;
				GCC_C_LANGUAGE_STANDARD = gnu17;
				GENERATE_INFOPLIST_FILE = YES;
				IPHONEOS_DEPLOYMENT_TARGET = 26.0;
				LOCALIZATION_PREFERS_STRING_CATALOGS = YES;
				MARKETING_VERSION = 1.0;
				PRODUCT_BUNDLE_IDENTIFIER = "ru.yandex.practicum.Image-FeedUITests";
				PRODUCT_NAME = "$(TARGET_NAME)";
				STRING_CATALOG_GENERATE_SYMBOLS = NO;
				SWIFT_ACTIVE_COMPILATION_CONDITIONS = "DEBUG $(inherited)";
				SWIFT_APPROACHABLE_CONCURRENCY = YES;
				SWIFT_EMIT_LOC_STRINGS = NO;
				SWIFT_UPCOMING_FEATURE_MEMBER_IMPORT_VISIBILITY = YES;
				SWIFT_VERSION = 5.0;
				TARGETED_DEVICE_FAMILY = "1,2";
				TEST_TARGET_NAME = "Image Feed";
			};
			name = Debug;
		};
		0625D3D12F4FFAAF00FFACA6 /* Release */ = {
			isa = XCBuildConfiguration;
			buildSettings = {
				ASSETCATALOG_COMPILER_GENERATE_SWIFT_ASSET_SYMBOL_EXTENSIONS = YES;
				CLANG_CXX_LANGUAGE_STANDARD = "gnu++20";
				CODE_SIGN_STYLE = Automatic;
				CURRENT_PROJECT_VERSION = 1;
				DEVELOPMENT_TEAM = 95C35P9LHK;
				GCC_C_LANGUAGE_STANDARD = gnu17;
				GENERATE_INFOPLIST_FILE = YES;
				IPHONEOS_DEPLOYMENT_TARGET = 26.0;
				LOCALIZATION_PREFERS_STRING_CATALOGS = YES;
				MARKETING_VERSION = 1.0;
				PRODUCT_BUNDLE_IDENTIFIER = "ru.yandex.practicum.Image-FeedUITests";
				PRODUCT_NAME = "$(TARGET_NAME)";
				STRING_CATALOG_GENERATE_SYMBOLS = NO;
				SWIFT_APPROACHABLE_CONCURRENCY = YES;
				SWIFT_EMIT_LOC_STRINGS = NO;
				SWIFT_UPCOMING_FEATURE_MEMBER_IMPORT_VISIBILITY = YES;
				SWIFT_VERSION = 5.0;
				TARGETED_DEVICE_FAMILY = "1,2";
				TEST_TARGET_NAME = "Image Feed";
			};
			name = Release;
		};
		06B2FABA2F52F8E700B39950 /* Debug */ = {
			isa = XCBuildConfiguration;
			buildSettings = {
				ASSETCATALOG_COMPILER_GENERATE_SWIFT_ASSET_SYMBOL_EXTENSIONS = YES;
				BUNDLE_LOADER = "$(TEST_HOST)";
				CLANG_CXX_LANGUAGE_STANDARD = "gnu++20";
				CODE_SIGN_STYLE = Automatic;
				CURRENT_PROJECT_VERSION = 1;
				DEVELOPMENT_TEAM = 95C35P9LHK;
				GCC_C_LANGUAGE_STANDARD = gnu17;
				GENERATE_INFOPLIST_FILE = YES;
				IPHONEOS_DEPLOYMENT_TARGET = 26.0;
				LOCALIZATION_PREFERS_STRING_CATALOGS = YES;
				MARKETING_VERSION = 1.0;
				PRODUCT_BUNDLE_IDENTIFIER = "ru.yandex.practicum.Image-FeedTests-ListImage";
				PRODUCT_NAME = "$(TARGET_NAME)";
				STRING_CATALOG_GENERATE_SYMBOLS = NO;
				SWIFT_ACTIVE_COMPILATION_CONDITIONS = "DEBUG $(inherited)";
				SWIFT_APPROACHABLE_CONCURRENCY = YES;
				SWIFT_EMIT_LOC_STRINGS = NO;
				SWIFT_UPCOMING_FEATURE_MEMBER_IMPORT_VISIBILITY = YES;
				SWIFT_VERSION = 5.0;
				TARGETED_DEVICE_FAMILY = "1,2";
				TEST_HOST = "$(BUILT_PRODUCTS_DIR)/Image Feed.app/$(BUNDLE_EXECUTABLE_FOLDER_PATH)/Image Feed";
			};
			name = Debug;
		};
		06B2FABB2F52F8E700B39950 /* Release */ = {
			isa = XCBuildConfiguration;
			buildSettings = {
				ASSETCATALOG_COMPILER_GENERATE_SWIFT_ASSET_SYMBOL_EXTENSIONS = YES;
				BUNDLE_LOADER = "$(TEST_HOST)";
				CLANG_CXX_LANGUAGE_STANDARD = "gnu++20";
				CODE_SIGN_STYLE = Automatic;
				CURRENT_PROJECT_VERSION = 1;
				DEVELOPMENT_TEAM = 95C35P9LHK;
				GCC_C_LANGUAGE_STANDARD = gnu17;
				GENERATE_INFOPLIST_FILE = YES;
				IPHONEOS_DEPLOYMENT_TARGET = 26.0;
				LOCALIZATION_PREFERS_STRING_CATALOGS = YES;
				MARKETING_VERSION = 1.0;
				PRODUCT_BUNDLE_IDENTIFIER = "ru.yandex.practicum.Image-FeedTests-ListImage";
				PRODUCT_NAME = "$(TARGET_NAME)";
				STRING_CATALOG_GENERATE_SYMBOLS = NO;
				SWIFT_APPROACHABLE_CONCURRENCY = YES;
				SWIFT_EMIT_LOC_STRINGS = NO;
				SWIFT_UPCOMING_FEATURE_MEMBER_IMPORT_VISIBILITY = YES;
				SWIFT_VERSION = 5.0;
				TARGETED_DEVICE_FAMILY = "1,2";
				TEST_HOST = "$(BUILT_PRODUCTS_DIR)/Image Feed.app/$(BUNDLE_EXECUTABLE_FOLDER_PATH)/Image Feed";
			};
			name = Release;
		};
		7D9CFA5128DDEE8000D971A7 /* Debug */ = {
			isa = XCBuildConfiguration;
			buildSettings = {
				ALWAYS_SEARCH_USER_PATHS = NO;
				CLANG_ANALYZER_NONNULL = YES;
				CLANG_ANALYZER_NUMBER_OBJECT_CONVERSION = YES_AGGRESSIVE;
				CLANG_CXX_LANGUAGE_STANDARD = "gnu++17";
				CLANG_ENABLE_MODULES = YES;
				CLANG_ENABLE_OBJC_ARC = YES;
				CLANG_ENABLE_OBJC_WEAK = YES;
				CLANG_WARN_BLOCK_CAPTURE_AUTORELEASING = YES;
				CLANG_WARN_BOOL_CONVERSION = YES;
				CLANG_WARN_COMMA = YES;
				CLANG_WARN_CONSTANT_CONVERSION = YES;
				CLANG_WARN_DEPRECATED_OBJC_IMPLEMENTATIONS = YES;
				CLANG_WARN_DIRECT_OBJC_ISA_USAGE = YES_ERROR;
				CLANG_WARN_DOCUMENTATION_COMMENTS = YES;
				CLANG_WARN_EMPTY_BODY = YES;
				CLANG_WARN_ENUM_CONVERSION = YES;
				CLANG_WARN_INFINITE_RECURSION = YES;
				CLANG_WARN_INT_CONVERSION = YES;
				CLANG_WARN_NON_LITERAL_NULL_CONVERSION = YES;
				CLANG_WARN_OBJC_IMPLICIT_RETAIN_SELF = YES;
				CLANG_WARN_OBJC_LITERAL_CONVERSION = YES;
				CLANG_WARN_OBJC_ROOT_CLASS = YES_ERROR;
				CLANG_WARN_QUOTED_INCLUDE_IN_FRAMEWORK_HEADER = YES;
				CLANG_WARN_RANGE_LOOP_ANALYSIS = YES;
				CLANG_WARN_STRICT_PROTOTYPES = YES;
				CLANG_WARN_SUSPICIOUS_MOVE = YES;
				CLANG_WARN_UNGUARDED_AVAILABILITY = YES_AGGRESSIVE;
				CLANG_WARN_UNREACHABLE_CODE = YES;
				CLANG_WARN__DUPLICATE_METHOD_MATCH = YES;
				COPY_PHASE_STRIP = NO;
				DEBUG_INFORMATION_FORMAT = dwarf;
				ENABLE_STRICT_OBJC_MSGSEND = YES;
				ENABLE_TESTABILITY = YES;
				ENABLE_USER_SCRIPT_SANDBOXING = YES;
				GCC_C_LANGUAGE_STANDARD = gnu11;
				GCC_DYNAMIC_NO_PIC = NO;
				GCC_NO_COMMON_BLOCKS = YES;
				GCC_OPTIMIZATION_LEVEL = 0;
				GCC_PREPROCESSOR_DEFINITIONS = (
					"DEBUG=1",
					"$(inherited)",
				);
				GCC_WARN_64_TO_32_BIT_CONVERSION = YES;
				GCC_WARN_ABOUT_RETURN_TYPE = YES_ERROR;
				GCC_WARN_UNDECLARED_SELECTOR = YES;
				GCC_WARN_UNINITIALIZED_AUTOS = YES_AGGRESSIVE;
				GCC_WARN_UNUSED_FUNCTION = YES;
				GCC_WARN_UNUSED_VARIABLE = YES;
				IPHONEOS_DEPLOYMENT_TARGET = 13.0;
				MTL_ENABLE_DEBUG_INFO = INCLUDE_SOURCE;
				MTL_FAST_MATH = YES;
				ONLY_ACTIVE_ARCH = YES;
				SDKROOT = iphoneos;
				STRING_CATALOG_GENERATE_SYMBOLS = YES;
				SWIFT_ACTIVE_COMPILATION_CONDITIONS = DEBUG;
				SWIFT_OPTIMIZATION_LEVEL = "-Onone";
			};
			name = Debug;
		};
		7D9CFA5228DDEE8000D971A7 /* Release */ = {
			isa = XCBuildConfiguration;
			buildSettings = {
				ALWAYS_SEARCH_USER_PATHS = NO;
				CLANG_ANALYZER_NONNULL = YES;
				CLANG_ANALYZER_NUMBER_OBJECT_CONVERSION = YES_AGGRESSIVE;
				CLANG_CXX_LANGUAGE_STANDARD = "gnu++17";
				CLANG_ENABLE_MODULES = YES;
				CLANG_ENABLE_OBJC_ARC = YES;
				CLANG_ENABLE_OBJC_WEAK = YES;
				CLANG_WARN_BLOCK_CAPTURE_AUTORELEASING = YES;
				CLANG_WARN_BOOL_CONVERSION = YES;
				CLANG_WARN_COMMA = YES;
				CLANG_WARN_CONSTANT_CONVERSION = YES;
				CLANG_WARN_DEPRECATED_OBJC_IMPLEMENTATIONS = YES;
				CLANG_WARN_DIRECT_OBJC_ISA_USAGE = YES_ERROR;
				CLANG_WARN_DOCUMENTATION_COMMENTS = YES;
				CLANG_WARN_EMPTY_BODY = YES;
				CLANG_WARN_ENUM_CONVERSION = YES;
				CLANG_WARN_INFINITE_RECURSION = YES;
				CLANG_WARN_INT_CONVERSION = YES;
				CLANG_WARN_NON_LITERAL_NULL_CONVERSION = YES;
				CLANG_WARN_OBJC_IMPLICIT_RETAIN_SELF = YES;
				CLANG_WARN_OBJC_LITERAL_CONVERSION = YES;
				CLANG_WARN_OBJC_ROOT_CLASS = YES_ERROR;
				CLANG_WARN_QUOTED_INCLUDE_IN_FRAMEWORK_HEADER = YES;
				CLANG_WARN_RANGE_LOOP_ANALYSIS = YES;
				CLANG_WARN_STRICT_PROTOTYPES = YES;
				CLANG_WARN_SUSPICIOUS_MOVE = YES;
				CLANG_WARN_UNGUARDED_AVAILABILITY = YES_AGGRESSIVE;
				CLANG_WARN_UNREACHABLE_CODE = YES;
				CLANG_WARN__DUPLICATE_METHOD_MATCH = YES;
				COPY_PHASE_STRIP = NO;
				DEBUG_INFORMATION_FORMAT = "dwarf-with-dsym";
				ENABLE_NS_ASSERTIONS = NO;
				ENABLE_STRICT_OBJC_MSGSEND = YES;
				ENABLE_USER_SCRIPT_SANDBOXING = YES;
				GCC_C_LANGUAGE_STANDARD = gnu11;
				GCC_NO_COMMON_BLOCKS = YES;
				GCC_WARN_64_TO_32_BIT_CONVERSION = YES;
				GCC_WARN_ABOUT_RETURN_TYPE = YES_ERROR;
				GCC_WARN_UNDECLARED_SELECTOR = YES;
				GCC_WARN_UNINITIALIZED_AUTOS = YES_AGGRESSIVE;
				GCC_WARN_UNUSED_FUNCTION = YES;
				GCC_WARN_UNUSED_VARIABLE = YES;
				IPHONEOS_DEPLOYMENT_TARGET = 13.0;
				MTL_ENABLE_DEBUG_INFO = NO;
				MTL_FAST_MATH = YES;
				SDKROOT = iphoneos;
				STRING_CATALOG_GENERATE_SYMBOLS = YES;
				SWIFT_COMPILATION_MODE = wholemodule;
				SWIFT_OPTIMIZATION_LEVEL = "-O";
				VALIDATE_PRODUCT = YES;
			};
			name = Release;
		};
		7D9CFA5428DDEE8000D971A7 /* Debug */ = {
			isa = XCBuildConfiguration;
			buildSettings = {
				ASSETCATALOG_COMPILER_APPICON_NAME = AppIcon;
				ASSETCATALOG_COMPILER_GLOBAL_ACCENT_COLOR_NAME = AccentColor;
				CODE_SIGN_STYLE = Automatic;
				CURRENT_PROJECT_VERSION = 1;
				DEVELOPMENT_TEAM = 95C35P9LHK;
				GENERATE_INFOPLIST_FILE = YES;
				INFOPLIST_FILE = "Image Feed/Info.plist";
				INFOPLIST_KEY_UIApplicationSupportsIndirectInputEvents = YES;
				INFOPLIST_KEY_UILaunchStoryboardName = LaunchScreen;
				INFOPLIST_KEY_UIMainStoryboardFile = Main;
				INFOPLIST_KEY_UISupportedInterfaceOrientations = UIInterfaceOrientationPortrait;
				INFOPLIST_KEY_UISupportedInterfaceOrientations_iPad = "UIInterfaceOrientationPortrait UIInterfaceOrientationPortraitUpsideDown UIInterfaceOrientationLandscapeLeft UIInterfaceOrientationLandscapeRight";
				INFOPLIST_KEY_UISupportedInterfaceOrientations_iPhone = UIInterfaceOrientationPortrait;
				LD_RUNPATH_SEARCH_PATHS = (
					"$(inherited)",
					"@executable_path/Frameworks",
				);
				MARKETING_VERSION = 1.0;
				PRODUCT_BUNDLE_IDENTIFIER = "ru.praktikum.Image-Feed-zeons";
				PRODUCT_NAME = "$(TARGET_NAME)";
				SUPPORTED_PLATFORMS = "iphoneos iphonesimulator";
				SUPPORTS_MACCATALYST = NO;
				SUPPORTS_MAC_DESIGNED_FOR_IPHONE_IPAD = NO;
				SUPPORTS_XR_DESIGNED_FOR_IPHONE_IPAD = NO;
				SWIFT_EMIT_LOC_STRINGS = YES;
				SWIFT_VERSION = 5.0;
				TARGETED_DEVICE_FAMILY = 1;
			};
			name = Debug;
		};
		7D9CFA5528DDEE8000D971A7 /* Release */ = {
			isa = XCBuildConfiguration;
			buildSettings = {
				ASSETCATALOG_COMPILER_APPICON_NAME = AppIcon;
				ASSETCATALOG_COMPILER_GLOBAL_ACCENT_COLOR_NAME = AccentColor;
				CODE_SIGN_STYLE = Automatic;
				CURRENT_PROJECT_VERSION = 1;
				DEVELOPMENT_TEAM = 95C35P9LHK;
				GENERATE_INFOPLIST_FILE = YES;
				INFOPLIST_FILE = "Image Feed/Info.plist";
				INFOPLIST_KEY_UIApplicationSupportsIndirectInputEvents = YES;
				INFOPLIST_KEY_UILaunchStoryboardName = LaunchScreen;
				INFOPLIST_KEY_UIMainStoryboardFile = Main;
				INFOPLIST_KEY_UISupportedInterfaceOrientations = UIInterfaceOrientationPortrait;
				INFOPLIST_KEY_UISupportedInterfaceOrientations_iPad = "UIInterfaceOrientationPortrait UIInterfaceOrientationPortraitUpsideDown UIInterfaceOrientationLandscapeLeft UIInterfaceOrientationLandscapeRight";
				INFOPLIST_KEY_UISupportedInterfaceOrientations_iPhone = UIInterfaceOrientationPortrait;
				LD_RUNPATH_SEARCH_PATHS = (
					"$(inherited)",
					"@executable_path/Frameworks",
				);
				MARKETING_VERSION = 1.0;
				PRODUCT_BUNDLE_IDENTIFIER = "ru.praktikum.Image-Feed-zeons";
				PRODUCT_NAME = "$(TARGET_NAME)";
				SUPPORTED_PLATFORMS = "iphoneos iphonesimulator";
				SUPPORTS_MACCATALYST = NO;
				SUPPORTS_MAC_DESIGNED_FOR_IPHONE_IPAD = NO;
				SUPPORTS_XR_DESIGNED_FOR_IPHONE_IPAD = NO;
				SWIFT_EMIT_LOC_STRINGS = YES;
				SWIFT_VERSION = 5.0;
				TARGETED_DEVICE_FAMILY = 1;
			};
			name = Release;
		};
/* End XCBuildConfiguration section */

/* Begin XCConfigurationList section */
		0625D3C02F4FF96900FFACA6 /* Build configuration list for PBXNativeTarget "Image FeedTests" */ = {
			isa = XCConfigurationList;
			buildConfigurations = (
				0625D3C12F4FF96900FFACA6 /* Debug */,
				0625D3C22F4FF96900FFACA6 /* Release */,
			);
			defaultConfigurationIsVisible = 0;
			defaultConfigurationName = Release;
		};
		0625D3CF2F4FFAAF00FFACA6 /* Build configuration list for PBXNativeTarget "Image FeedUITests" */ = {
			isa = XCConfigurationList;
			buildConfigurations = (
				0625D3D02F4FFAAF00FFACA6 /* Debug */,
				0625D3D12F4FFAAF00FFACA6 /* Release */,
			);
			defaultConfigurationIsVisible = 0;
			defaultConfigurationName = Release;
		};
		06B2FAB92F52F8E700B39950 /* Build configuration list for PBXNativeTarget "Image FeedTests-ListImage" */ = {
			isa = XCConfigurationList;
			buildConfigurations = (
				06B2FABA2F52F8E700B39950 /* Debug */,
				06B2FABB2F52F8E700B39950 /* Release */,
			);
			defaultConfigurationIsVisible = 0;
			defaultConfigurationName = Release;
		};
		7D9CFA3A28DDEE7F00D971A7 /* Build configuration list for PBXProject "Image Feed" */ = {
			isa = XCConfigurationList;
			buildConfigurations = (
				7D9CFA5128DDEE8000D971A7 /* Debug */,
				7D9CFA5228DDEE8000D971A7 /* Release */,
			);
			defaultConfigurationIsVisible = 0;
			defaultConfigurationName = Release;
		};
		7D9CFA5328DDEE8000D971A7 /* Build configuration list for PBXNativeTarget "Image Feed" */ = {
			isa = XCConfigurationList;
			buildConfigurations = (
				7D9CFA5428DDEE8000D971A7 /* Debug */,
				7D9CFA5528DDEE8000D971A7 /* Release */,
			);
			defaultConfigurationIsVisible = 0;
			defaultConfigurationName = Release;
		};
/* End XCConfigurationList section */

/* Begin XCRemoteSwiftPackageReference section */
		068715AB2F2CA5E600D9928C /* XCRemoteSwiftPackageReference "Kingfisher" */ = {
			isa = XCRemoteSwiftPackageReference;
			repositoryURL = "https://github.com/onevcat/Kingfisher.git";
			requirement = {
				kind = upToNextMajorVersion;
				minimumVersion = 8.6.2;
			};
		};
		068715AE2F2CDEE800D9928C /* XCRemoteSwiftPackageReference "SwiftKeychainWrapper" */ = {
			isa = XCRemoteSwiftPackageReference;
			repositoryURL = "https://github.com/jrendel/SwiftKeychainWrapper.git";
			requirement = {
				kind = upToNextMajorVersion;
				minimumVersion = 4.0.1;
			};
		};
		068986152F28B66000E1BDA3 /* XCRemoteSwiftPackageReference "ProgressHUD" */ = {
			isa = XCRemoteSwiftPackageReference;
			repositoryURL = "https://github.com/relatedcode/ProgressHUD.git";
			requirement = {
				kind = exactVersion;
				version = 15.0.0;
			};
		};
		068986182F28B8E500E1BDA3 /* XCRemoteSwiftPackageReference "ProgressHUD" */ = {
			isa = XCRemoteSwiftPackageReference;
			repositoryURL = "https://github.com/relatedcode/ProgressHUD.git";
			requirement = {
				kind = exactVersion;
				version = 14.1.4;
			};
		};
		06A4D0DC2F2A6A2000BD71AC /* XCRemoteSwiftPackageReference "ProgressHUD" */ = {
			isa = XCRemoteSwiftPackageReference;
			repositoryURL = "https://github.com/relatedcode/ProgressHUD.git";
			requirement = {
				kind = exactVersion;
				version = 14.1.1;
			};
		};
/* End XCRemoteSwiftPackageReference section */

/* Begin XCSwiftPackageProductDependency section */
		068715AC2F2CA5E600D9928C /* Kingfisher */ = {
			isa = XCSwiftPackageProductDependency;
			package = 068715AB2F2CA5E600D9928C /* XCRemoteSwiftPackageReference "Kingfisher" */;
			productName = Kingfisher;
		};
		068715AF2F2CDEE800D9928C /* SwiftKeychainWrapper */ = {
			isa = XCSwiftPackageProductDependency;
			package = 068715AE2F2CDEE800D9928C /* XCRemoteSwiftPackageReference "SwiftKeychainWrapper" */;
			productName = SwiftKeychainWrapper;
		};
		068986162F28B66000E1BDA3 /* ProgressHUD */ = {
			isa = XCSwiftPackageProductDependency;
			package = 068986152F28B66000E1BDA3 /* XCRemoteSwiftPackageReference "ProgressHUD" */;
			productName = ProgressHUD;
		};
		068986192F28B8E500E1BDA3 /* ProgressHUD */ = {
			isa = XCSwiftPackageProductDependency;
			package = 068986182F28B8E500E1BDA3 /* XCRemoteSwiftPackageReference "ProgressHUD" */;
			productName = ProgressHUD;
		};
		06A4D0DD2F2A6A2000BD71AC /* ProgressHUD */ = {
			isa = XCSwiftPackageProductDependency;
			package = 06A4D0DC2F2A6A2000BD71AC /* XCRemoteSwiftPackageReference "ProgressHUD" */;
			productName = ProgressHUD;
		};
/* End XCSwiftPackageProductDependency section */
	};
	rootObject = 7D9CFA3728DDEE7F00D971A7 /* Project object */;
}
