{
  "originHash" : "a08a29b14befee6d26db9de4438877bd4c5f8b489a14da539a04cd77d7bf99a3",
  "pins" : [
    {
      "identity" : "kingfisher",
      "kind" : "remoteSourceControl",
      "location" : "https://github.com/onevcat/Kingfisher.git",
      "state" : {
        "revision" : "d30a5fad881137e2267f96a8e3fc35c58999bb94",
        "version" : "8.6.2"
      }
    },
    {
      "identity" : "progresshud",
      "kind" : "remoteSourceControl",
      "location" : "https://github.com/relatedcode/ProgressHUD.git",
      "state" : {
        "revision" : "fd18c75d5f650a949e1da5fc725a1c1b523bbf8e",
        "version" : "14.1.1"
      }
    },
    {
      "identity" : "swiftkeychainwrapper",
      "kind" : "remoteSourceControl",
      "location" : "https://github.com/jrendel/SwiftKeychainWrapper.git",
      "state" : {
        "revision" : "185a3165346a03767101c4f62e9a545a0fe0530f",
        "version" : "4.0.1"
      }
    }
  ],
  "version" : 3
}
